
Microsoft Visual Studio Solution File, Format Version 12.00
# Visual Studio Version 17
VisualStudioVersion = 17.4.33403.182
MinimumVisualStudioVersion = 10.0.40219.1
Project("{FAE04EC0-301F-11D3-BF4B-00C04F79EFBC}") = "mew-transfer-api-csharp", "mew-transfer-api-csharp\mew-transfer-api-csharp.csproj", "{C1DA75F2-6B81-42B4-885D-176498A250F8}"
EndProject
Global
	GlobalSection(SolutionConfigurationPlatforms) = preSolution
		Debug|Any CPU = Debug|Any CPU
		Release|Any CPU = Release|Any CPU
	EndGlobalSection
	GlobalSection(ProjectConfigurationPlatforms) = postSolution
		{C1DA75F2-6B81-42B4-885D-176498A250F8}.Debug|Any CPU.ActiveCfg = Debug|Any CPU
		{C1DA75F2-6B81-42B4-885D-176498A250F8}.Debug|Any CPU.Build.0 = Debug|Any CPU
		{C1DA75F2-6B81-42B4-885D-176498A250F8}.Release|Any CPU.ActiveCfg = Release|Any CPU
		{C1DA75F2-6B81-42B4-885D-176498A250F8}.Release|Any CPU.Build.0 = Release|Any CPU
	EndGlobalSection
	GlobalSection(SolutionProperties) = preSolution
		HideSolutionNode = FALSE
	EndGlobalSection
	GlobalSection(ExtensibilityGlobals) = postSolution
		SolutionGuid = {4B8D60E7-B436-4AE2-A215-28D80910F6EC}
	EndGlobalSection
EndGlobal
